// !$*UTF8*$!
{
	archiveVersion = 1;
	classes = {
	};
	objectVersion = 54;
	objects = {

/* Begin PBXBuildFile section */
		00E356F31AD99517003FC87E /* OplatiTests.m in Sources */ = {isa = PBXBuildFile; fileRef = 00E356F21AD99517003FC87E /* OplatiTests.m */; };
		0C80B921A6F3F58F76C31292 /* libPods-Oplati.a in Frameworks */ = {isa = PBXBuildFile; fileRef = 5DCACB8F33CDC322A6C60F78 /* libPods-Oplati.a */; };
		13B07FBC1A68108700A75B9A /* AppDelegate.mm in Sources */ = {isa = PBXBuildFile; fileRef = 13B07FB01A68108700A75B9A /* AppDelegate.mm */; };
		13B07FBF1A68108700A75B9A /* Images.xcassets in Resources */ = {isa = PBXBuildFile; fileRef = 13B07FB51A68108700A75B9A /* Images.xcassets */; };
		13B07FC11A68108700A75B9A /* main.m in Sources */ = {isa = PBXBuildFile; fileRef = 13B07FB71A68108700A75B9A /* main.m */; };
		7699B88040F8A987B510C191 /* libPods-Oplati-OplatiTests.a in Frameworks */ = {isa = PBXBuildFile; fileRef = 19F6CBCC0A4E27FBF8BF4A61 /* libPods-Oplati-OplatiTests.a */; };
		81AB9BB82411601600AC10FF /* LaunchScreen.storyboard in Resources */ = {isa = PBXBuildFile; fileRef = 81AB9BB72411601600AC10FF /* LaunchScreen.storyboard */; };
		D444B44CF983486295C727F7 /* Roboto-Bold.ttf in Resources */ = {isa = PBXBuildFile; fileRef = F649AFB9835D49ADAD0EE2A0 /* Roboto-Bold.ttf */; };
		22B55621B4804B71974C5AB1 /* SF-UI-Text-Bold.ttf in Resources */ = {isa = PBXBuildFile; fileRef = 6E302A4CE99048D29A72D74A /* SF-UI-Text-Bold.ttf */; };
		87F64FCAE1A3460A9654C9A6 /* SF-UI-Text-BoldItalic.ttf in Resources */ = {isa = PBXBuildFile; fileRef = 5430A534090A427D9EF0986E /* SF-UI-Text-BoldItalic.ttf */; };
		88EFD8B851E44CE4B6A51A70 /* SF-UI-Text-Heavy.ttf in Resources */ = {isa = PBXBuildFile; fileRef = 3B7E3779134C40BBBCC3A773 /* SF-UI-Text-Heavy.ttf */; };
		FBBA1ED5AD704DDFB5377F69 /* SF-UI-Text-HeavyItalic.ttf in Resources */ = {isa = PBXBuildFile; fileRef = D481B3C3CA9B4537AB4F26D4 /* SF-UI-Text-HeavyItalic.ttf */; };
		96D4DEEAD64940C7984BAC9D /* SF-UI-Text-Italic.ttf in Resources */ = {isa = PBXBuildFile; fileRef = 8172306660F443B9BE67BC75 /* SF-UI-Text-Italic.ttf */; };
		40469670405342B492DCF30F /* SF-UI-Text-Light.ttf in Resources */ = {isa = PBXBuildFile; fileRef = FAD4C36AD50D4F7C9EEB53EC /* SF-UI-Text-Light.ttf */; };
		5D7540D3C569493FA9D3B33F /* SF-UI-Text-LightItalic.ttf in Resources */ = {isa = PBXBuildFile; fileRef = 028152842279435593F7BD5F /* SF-UI-Text-LightItalic.ttf */; };
		B0335CD92849494CAB459693 /* SF-UI-Text-Medium.ttf in Resources */ = {isa = PBXBuildFile; fileRef = D760F48FEAEB47989B155ADE /* SF-UI-Text-Medium.ttf */; };
		690F2BF448D44CC899321281 /* SF-UI-Text-MediumItalic.ttf in Resources */ = {isa = PBXBuildFile; fileRef = 9122E95E32AB4DDA96DD7657 /* SF-UI-Text-MediumItalic.ttf */; };
		05A8C5B2E2B542D8AD0BDB0C /* SF-UI-Text-Regular.ttf in Resources */ = {isa = PBXBuildFile; fileRef = 08ED1032BC7F42B4AB33669E /* SF-UI-Text-Regular.ttf */; };
		7EEDA6BFD8F44C86B85B5335 /* SF-UI-Text-Semibold.ttf in Resources */ = {isa = PBXBuildFile; fileRef = 0CBD4B776F084ADE91086AB6 /* SF-UI-Text-Semibold.ttf */; };
		A791B12EB7314A2B8858D6B7 /* SF-UI-Text-SemiboldItalic.ttf in Resources */ = {isa = PBXBuildFile; fileRef = 65E8C549FCCE47C6BAD36C6A /* SF-UI-Text-SemiboldItalic.ttf */; };
		A8B3285055DB49E3B92B6939 /* SFProDisplay-Black.ttf in Resources */ = {isa = PBXBuildFile; fileRef = 62DB695593B64A33BCFAC400 /* SFProDisplay-Black.ttf */; };
		7C2AD9B04F5B4D8DAB8E35BA /* SFProDisplay-BlackItalic.ttf in Resources */ = {isa = PBXBuildFile; fileRef = F46397D99AB74F53A34D016B /* SFProDisplay-BlackItalic.ttf */; };
		8D824262BFBA4F1EB9F5134C /* SFProDisplay-Bold.ttf in Resources */ = {isa = PBXBuildFile; fileRef = 92195C8DAB3849D7B0921F9E /* SFProDisplay-Bold.ttf */; };
		43739F27740D480AB5F7BBEC /* SFProDisplay-BoldItalic.ttf in Resources */ = {isa = PBXBuildFile; fileRef = 66764F0FF7A14AAA8D89AB3C /* SFProDisplay-BoldItalic.ttf */; };
		1AE03DE0C69A44F8AC28AD9E /* SFProDisplay-Heavy.ttf in Resources */ = {isa = PBXBuildFile; fileRef = 598866FF42444F5BA508FD18 /* SFProDisplay-Heavy.ttf */; };
		46A275F793CF4A03BA7F7A92 /* SFProDisplay-HeavyItalic.ttf in Resources */ = {isa = PBXBuildFile; fileRef = BFA3796C9DEE44C2836E1CC4 /* SFProDisplay-HeavyItalic.ttf */; };
		D4BB3C5B0DAF402291007A20 /* SFProDisplay-Light.ttf in Resources */ = {isa = PBXBuildFile; fileRef = 4C9116136EA1437A9F13DFA7 /* SFProDisplay-Light.ttf */; };
		951365D4C64A477FBAC0A3D5 /* SFProDisplay-LightItalic.ttf in Resources */ = {isa = PBXBuildFile; fileRef = F28C8172313743679EE4D90E /* SFProDisplay-LightItalic.ttf */; };
		CED9D7899BC943F385901ED1 /* SFProDisplay-Medium.ttf in Resources */ = {isa = PBXBuildFile; fileRef = 5248C08B13C343FB87182C04 /* SFProDisplay-Medium.ttf */; };
		EC88380D559A439F804453B8 /* SFProDisplay-MediumItalic.ttf in Resources */ = {isa = PBXBuildFile; fileRef = 0BEE2C518B9D43868FD34407 /* SFProDisplay-MediumItalic.ttf */; };
		B359727CBAB743B0940EA0BB /* SFProDisplay-Regular.ttf in Resources */ = {isa = PBXBuildFile; fileRef = 25DA728331074FAB897E6B38 /* SFProDisplay-Regular.ttf */; };
		0B6460E93A2F47049A744D29 /* SFProDisplay-RegularItalic.ttf in Resources */ = {isa = PBXBuildFile; fileRef = B9268F01E502436A865A1947 /* SFProDisplay-RegularItalic.ttf */; };
		0EF9A8BFE6D74893870CACD6 /* SFProDisplay-Semibold.ttf in Resources */ = {isa = PBXBuildFile; fileRef = 79FC6220358648839BA1A36C /* SFProDisplay-Semibold.ttf */; };
		63A200152D05410B845902EC /* SFProDisplay-SemiboldItalic.ttf in Resources */ = {isa = PBXBuildFile; fileRef = E2C815ECF7D244AD9E253F12 /* SFProDisplay-SemiboldItalic.ttf */; };
		0E0A80FB636241CE9E3812F1 /* SFProDisplay-Thin.ttf in Resources */ = {isa = PBXBuildFile; fileRef = 0CE69BAA7941495080E516DA /* SFProDisplay-Thin.ttf */; };
		23C0886F2F7F48DA8EB40A49 /* SFProDisplay-ThinItalic.ttf in Resources */ = {isa = PBXBuildFile; fileRef = A80ADB27D23C4E918A29FE02 /* SFProDisplay-ThinItalic.ttf */; };
		4DFB18DA81D04F58B42ACE76 /* SFProDisplay-Ultralight.ttf in Resources */ = {isa = PBXBuildFile; fileRef = 1EC2C0A981F445F4BCF356E9 /* SFProDisplay-Ultralight.ttf */; };
		EF8401E3E1694D01847A130E /* SFProDisplay-UltralightItalic.ttf in Resources */ = {isa = PBXBuildFile; fileRef = 87C42DA0FD584292A5DEC9EF /* SFProDisplay-UltralightItalic.ttf */; };
/* End PBXBuildFile section */

/* Begin PBXContainerItemProxy section */
		00E356F41AD99517003FC87E /* PBXContainerItemProxy */ = {
			isa = PBXContainerItemProxy;
			containerPortal = 83CBB9F71A601CBA00E9B192 /* Project object */;
			proxyType = 1;
			remoteGlobalIDString = 13B07F861A680F5B00A75B9A;
			remoteInfo = Oplati;
		};
/* End PBXContainerItemProxy section */

/* Begin PBXFileReference section */
		00E356EE1AD99517003FC87E /* OplatiTests.xctest */ = {isa = PBXFileReference; explicitFileType = wrapper.cfbundle; includeInIndex = 0; path = OplatiTests.xctest; sourceTree = BUILT_PRODUCTS_DIR; };
		00E356F11AD99517003FC87E /* Info.plist */ = {isa = PBXFileReference; lastKnownFileType = text.plist.xml; path = Info.plist; sourceTree = "<group>"; };
		00E356F21AD99517003FC87E /* OplatiTests.m */ = {isa = PBXFileReference; lastKnownFileType = sourcecode.c.objc; path = OplatiTests.m; sourceTree = "<group>"; };
		13B07F961A680F5B00A75B9A /* Oplati.app */ = {isa = PBXFileReference; explicitFileType = wrapper.application; includeInIndex = 0; path = Oplati.app; sourceTree = BUILT_PRODUCTS_DIR; };
		13B07FAF1A68108700A75B9A /* AppDelegate.h */ = {isa = PBXFileReference; fileEncoding = 4; lastKnownFileType = sourcecode.c.h; name = AppDelegate.h; path = Oplati/AppDelegate.h; sourceTree = "<group>"; };
		13B07FB01A68108700A75B9A /* AppDelegate.mm */ = {isa = PBXFileReference; fileEncoding = 4; lastKnownFileType = sourcecode.cpp.objcpp; name = AppDelegate.mm; path = Oplati/AppDelegate.mm; sourceTree = "<group>"; };
		13B07FB51A68108700A75B9A /* Images.xcassets */ = {isa = PBXFileReference; lastKnownFileType = folder.assetcatalog; name = Images.xcassets; path = Oplati/Images.xcassets; sourceTree = "<group>"; };
		13B07FB61A68108700A75B9A /* Info.plist */ = {isa = PBXFileReference; fileEncoding = 4; lastKnownFileType = text.plist.xml; name = Info.plist; path = Oplati/Info.plist; sourceTree = "<group>"; };
		13B07FB71A68108700A75B9A /* main.m */ = {isa = PBXFileReference; fileEncoding = 4; lastKnownFileType = sourcecode.c.objc; name = main.m; path = Oplati/main.m; sourceTree = "<group>"; };
		19F6CBCC0A4E27FBF8BF4A61 /* libPods-Oplati-OplatiTests.a */ = {isa = PBXFileReference; explicitFileType = archive.ar; includeInIndex = 0; path = "libPods-Oplati-OplatiTests.a"; sourceTree = BUILT_PRODUCTS_DIR; };
		3B4392A12AC88292D35C810B /* Pods-Oplati.debug.xcconfig */ = {isa = PBXFileReference; includeInIndex = 1; lastKnownFileType = text.xcconfig; name = "Pods-Oplati.debug.xcconfig"; path = "Target Support Files/Pods-Oplati/Pods-Oplati.debug.xcconfig"; sourceTree = "<group>"; };
		5709B34CF0A7D63546082F79 /* Pods-Oplati.release.xcconfig */ = {isa = PBXFileReference; includeInIndex = 1; lastKnownFileType = text.xcconfig; name = "Pods-Oplati.release.xcconfig"; path = "Target Support Files/Pods-Oplati/Pods-Oplati.release.xcconfig"; sourceTree = "<group>"; };
		5B7EB9410499542E8C5724F5 /* Pods-Oplati-OplatiTests.debug.xcconfig */ = {isa = PBXFileReference; includeInIndex = 1; lastKnownFileType = text.xcconfig; name = "Pods-Oplati-OplatiTests.debug.xcconfig"; path = "Target Support Files/Pods-Oplati-OplatiTests/Pods-Oplati-OplatiTests.debug.xcconfig"; sourceTree = "<group>"; };
		5DCACB8F33CDC322A6C60F78 /* libPods-Oplati.a */ = {isa = PBXFileReference; explicitFileType = archive.ar; includeInIndex = 0; path = "libPods-Oplati.a"; sourceTree = BUILT_PRODUCTS_DIR; };
		81AB9BB72411601600AC10FF /* LaunchScreen.storyboard */ = {isa = PBXFileReference; fileEncoding = 4; lastKnownFileType = file.storyboard; name = LaunchScreen.storyboard; path = Oplati/LaunchScreen.storyboard; sourceTree = "<group>"; };
		89C6BE57DB24E9ADA2F236DE /* Pods-Oplati-OplatiTests.release.xcconfig */ = {isa = PBXFileReference; includeInIndex = 1; lastKnownFileType = text.xcconfig; name = "Pods-Oplati-OplatiTests.release.xcconfig"; path = "Target Support Files/Pods-Oplati-OplatiTests/Pods-Oplati-OplatiTests.release.xcconfig"; sourceTree = "<group>"; };
		ED297162215061F000B7C4FE /* JavaScriptCore.framework */ = {isa = PBXFileReference; lastKnownFileType = wrapper.framework; name = JavaScriptCore.framework; path = System/Library/Frameworks/JavaScriptCore.framework; sourceTree = SDKROOT; };
		F649AFB9835D49ADAD0EE2A0 /* Roboto-Bold.ttf */ = {isa = PBXFileReference; name = "Roboto-Bold.ttf"; path = "../assets/fonts/Roboto-Bold.ttf"; sourceTree = "<group>"; fileEncoding = undefined; lastKnownFileType = unknown; explicitFileType = undefined; includeInIndex = 0; };
		6E302A4CE99048D29A72D74A /* SF-UI-Text-Bold.ttf */ = {isa = PBXFileReference; name = "SF-UI-Text-Bold.ttf"; path = "../assets/fonts/SF-UI-Text-Bold.ttf"; sourceTree = "<group>"; fileEncoding = undefined; lastKnownFileType = unknown; explicitFileType = undefined; includeInIndex = 0; };
		5430A534090A427D9EF0986E /* SF-UI-Text-BoldItalic.ttf */ = {isa = PBXFileReference; name = "SF-UI-Text-BoldItalic.ttf"; path = "../assets/fonts/SF-UI-Text-BoldItalic.ttf"; sourceTree = "<group>"; fileEncoding = undefined; lastKnownFileType = unknown; explicitFileType = undefined; includeInIndex = 0; };
		3B7E3779134C40BBBCC3A773 /* SF-UI-Text-Heavy.ttf */ = {isa = PBXFileReference; name = "SF-UI-Text-Heavy.ttf"; path = "../assets/fonts/SF-UI-Text-Heavy.ttf"; sourceTree = "<group>"; fileEncoding = undefined; lastKnownFileType = unknown; explicitFileType = undefined; includeInIndex = 0; };
		D481B3C3CA9B4537AB4F26D4 /* SF-UI-Text-HeavyItalic.ttf */ = {isa = PBXFileReference; name = "SF-UI-Text-HeavyItalic.ttf"; path = "../assets/fonts/SF-UI-Text-HeavyItalic.ttf"; sourceTree = "<group>"; fileEncoding = undefined; lastKnownFileType = unknown; explicitFileType = undefined; includeInIndex = 0; };
		8172306660F443B9BE67BC75 /* SF-UI-Text-Italic.ttf */ = {isa = PBXFileReference; name = "SF-UI-Text-Italic.ttf"; path = "../assets/fonts/SF-UI-Text-Italic.ttf"; sourceTree = "<group>"; fileEncoding = undefined; lastKnownFileType = unknown; explicitFileType = undefined; includeInIndex = 0; };
		FAD4C36AD50D4F7C9EEB53EC /* SF-UI-Text-Light.ttf */ = {isa = PBXFileReference; name = "SF-UI-Text-Light.ttf"; path = "../assets/fonts/SF-UI-Text-Light.ttf"; sourceTree = "<group>"; fileEncoding = undefined; lastKnownFileType = unknown; explicitFileType = undefined; includeInIndex = 0; };
		028152842279435593F7BD5F /* SF-UI-Text-LightItalic.ttf */ = {isa = PBXFileReference; name = "SF-UI-Text-LightItalic.ttf"; path = "../assets/fonts/SF-UI-Text-LightItalic.ttf"; sourceTree = "<group>"; fileEncoding = undefined; lastKnownFileType = unknown; explicitFileType = undefined; includeInIndex = 0; };
		D760F48FEAEB47989B155ADE /* SF-UI-Text-Medium.ttf */ = {isa = PBXFileReference; name = "SF-UI-Text-Medium.ttf"; path = "../assets/fonts/SF-UI-Text-Medium.ttf"; sourceTree = "<group>"; fileEncoding = undefined; lastKnownFileType = unknown; explicitFileType = undefined; includeInIndex = 0; };
		9122E95E32AB4DDA96DD7657 /* SF-UI-Text-MediumItalic.ttf */ = {isa = PBXFileReference; name = "SF-UI-Text-MediumItalic.ttf"; path = "../assets/fonts/SF-UI-Text-MediumItalic.ttf"; sourceTree = "<group>"; fileEncoding = undefined; lastKnownFileType = unknown; explicitFileType = undefined; includeInIndex = 0; };
		08ED1032BC7F42B4AB33669E /* SF-UI-Text-Regular.ttf */ = {isa = PBXFileReference; name = "SF-UI-Text-Regular.ttf"; path = "../assets/fonts/SF-UI-Text-Regular.ttf"; sourceTree = "<group>"; fileEncoding = undefined; lastKnownFileType = unknown; explicitFileType = undefined; includeInIndex = 0; };
		0CBD4B776F084ADE91086AB6 /* SF-UI-Text-Semibold.ttf */ = {isa = PBXFileReference; name = "SF-UI-Text-Semibold.ttf"; path = "../assets/fonts/SF-UI-Text-Semibold.ttf"; sourceTree = "<group>"; fileEncoding = undefined; lastKnownFileType = unknown; explicitFileType = undefined; includeInIndex = 0; };
		65E8C549FCCE47C6BAD36C6A /* SF-UI-Text-SemiboldItalic.ttf */ = {isa = PBXFileReference; name = "SF-UI-Text-SemiboldItalic.ttf"; path = "../assets/fonts/SF-UI-Text-SemiboldItalic.ttf"; sourceTree = "<group>"; fileEncoding = undefined; lastKnownFileType = unknown; explicitFileType = undefined; includeInIndex = 0; };
		62DB695593B64A33BCFAC400 /* SFProDisplay-Black.ttf */ = {isa = PBXFileReference; name = "SFProDisplay-Black.ttf"; path = "../assets/fonts/SFProDisplay-Black.ttf"; sourceTree = "<group>"; fileEncoding = undefined; lastKnownFileType = unknown; explicitFileType = undefined; includeInIndex = 0; };
		F46397D99AB74F53A34D016B /* SFProDisplay-BlackItalic.ttf */ = {isa = PBXFileReference; name = "SFProDisplay-BlackItalic.ttf"; path = "../assets/fonts/SFProDisplay-BlackItalic.ttf"; sourceTree = "<group>"; fileEncoding = undefined; lastKnownFileType = unknown; explicitFileType = undefined; includeInIndex = 0; };
		92195C8DAB3849D7B0921F9E /* SFProDisplay-Bold.ttf */ = {isa = PBXFileReference; name = "SFProDisplay-Bold.ttf"; path = "../assets/fonts/SFProDisplay-Bold.ttf"; sourceTree = "<group>"; fileEncoding = undefined; lastKnownFileType = unknown; explicitFileType = undefined; includeInIndex = 0; };
		66764F0FF7A14AAA8D89AB3C /* SFProDisplay-BoldItalic.ttf */ = {isa = PBXFileReference; name = "SFProDisplay-BoldItalic.ttf"; path = "../assets/fonts/SFProDisplay-BoldItalic.ttf"; sourceTree = "<group>"; fileEncoding = undefined; lastKnownFileType = unknown; explicitFileType = undefined; includeInIndex = 0; };
		598866FF42444F5BA508FD18 /* SFProDisplay-Heavy.ttf */ = {isa = PBXFileReference; name = "SFProDisplay-Heavy.ttf"; path = "../assets/fonts/SFProDisplay-Heavy.ttf"; sourceTree = "<group>"; fileEncoding = undefined; lastKnownFileType = unknown; explicitFileType = undefined; includeInIndex = 0; };
		BFA3796C9DEE44C2836E1CC4 /* SFProDisplay-HeavyItalic.ttf */ = {isa = PBXFileReference; name = "SFProDisplay-HeavyItalic.ttf"; path = "../assets/fonts/SFProDisplay-HeavyItalic.ttf"; sourceTree = "<group>"; fileEncoding = undefined; lastKnownFileType = unknown; explicitFileType = undefined; includeInIndex = 0; };
		4C9116136EA1437A9F13DFA7 /* SFProDisplay-Light.ttf */ = {isa = PBXFileReference; name = "SFProDisplay-Light.ttf"; path = "../assets/fonts/SFProDisplay-Light.ttf"; sourceTree = "<group>"; fileEncoding = undefined; lastKnownFileType = unknown; explicitFileType = undefined; includeInIndex = 0; };
		F28C8172313743679EE4D90E /* SFProDisplay-LightItalic.ttf */ = {isa = PBXFileReference; name = "SFProDisplay-LightItalic.ttf"; path = "../assets/fonts/SFProDisplay-LightItalic.ttf"; sourceTree = "<group>"; fileEncoding = undefined; lastKnownFileType = unknown; explicitFileType = undefined; includeInIndex = 0; };
		5248C08B13C343FB87182C04 /* SFProDisplay-Medium.ttf */ = {isa = PBXFileReference; name = "SFProDisplay-Medium.ttf"; path = "../assets/fonts/SFProDisplay-Medium.ttf"; sourceTree = "<group>"; fileEncoding = undefined; lastKnownFileType = unknown; explicitFileType = undefined; includeInIndex = 0; };
		0BEE2C518B9D43868FD34407 /* SFProDisplay-MediumItalic.ttf */ = {isa = PBXFileReference; name = "SFProDisplay-MediumItalic.ttf"; path = "../assets/fonts/SFProDisplay-MediumItalic.ttf"; sourceTree = "<group>"; fileEncoding = undefined; lastKnownFileType = unknown; explicitFileType = undefined; includeInIndex = 0; };
		25DA728331074FAB897E6B38 /* SFProDisplay-Regular.ttf */ = {isa = PBXFileReference; name = "SFProDisplay-Regular.ttf"; path = "../assets/fonts/SFProDisplay-Regular.ttf"; sourceTree = "<group>"; fileEncoding = undefined; lastKnownFileType = unknown; explicitFileType = undefined; includeInIndex = 0; };
		B9268F01E502436A865A1947 /* SFProDisplay-RegularItalic.ttf */ = {isa = PBXFileReference; name = "SFProDisplay-RegularItalic.ttf"; path = "../assets/fonts/SFProDisplay-RegularItalic.ttf"; sourceTree = "<group>"; fileEncoding = undefined; lastKnownFileType = unknown; explicitFileType = undefined; includeInIndex = 0; };
		79FC6220358648839BA1A36C /* SFProDisplay-Semibold.ttf */ = {isa = PBXFileReference; name = "SFProDisplay-Semibold.ttf"; path = "../assets/fonts/SFProDisplay-Semibold.ttf"; sourceTree = "<group>"; fileEncoding = undefined; lastKnownFileType = unknown; explicitFileType = undefined; includeInIndex = 0; };
		E2C815ECF7D244AD9E253F12 /* SFProDisplay-SemiboldItalic.ttf */ = {isa = PBXFileReference; name = "SFProDisplay-SemiboldItalic.ttf"; path = "../assets/fonts/SFProDisplay-SemiboldItalic.ttf"; sourceTree = "<group>"; fileEncoding = undefined; lastKnownFileType = unknown; explicitFileType = undefined; includeInIndex = 0; };
		0CE69BAA7941495080E516DA /* SFProDisplay-Thin.ttf */ = {isa = PBXFileReference; name = "SFProDisplay-Thin.ttf"; path = "../assets/fonts/SFProDisplay-Thin.ttf"; sourceTree = "<group>"; fileEncoding = undefined; lastKnownFileType = unknown; explicitFileType = undefined; includeInIndex = 0; };
		A80ADB27D23C4E918A29FE02 /* SFProDisplay-ThinItalic.ttf */ = {isa = PBXFileReference; name = "SFProDisplay-ThinItalic.ttf"; path = "../assets/fonts/SFProDisplay-ThinItalic.ttf"; sourceTree = "<group>"; fileEncoding = undefined; lastKnownFileType = unknown; explicitFileType = undefined; includeInIndex = 0; };
		1EC2C0A981F445F4BCF356E9 /* SFProDisplay-Ultralight.ttf */ = {isa = PBXFileReference; name = "SFProDisplay-Ultralight.ttf"; path = "../assets/fonts/SFProDisplay-Ultralight.ttf"; sourceTree = "<group>"; fileEncoding = undefined; lastKnownFileType = unknown; explicitFileType = undefined; includeInIndex = 0; };
		87C42DA0FD584292A5DEC9EF /* SFProDisplay-UltralightItalic.ttf */ = {isa = PBXFileReference; name = "SFProDisplay-UltralightItalic.ttf"; path = "../assets/fonts/SFProDisplay-UltralightItalic.ttf"; sourceTree = "<group>"; fileEncoding = undefined; lastKnownFileType = unknown; explicitFileType = undefined; includeInIndex = 0; };
/* End PBXFileReference section */

/* Begin PBXFrameworksBuildPhase section */
		00E356EB1AD99517003FC87E /* Frameworks */ = {
			isa = PBXFrameworksBuildPhase;
			buildActionMask = 2147483647;
			files = (
				7699B88040F8A987B510C191 /* libPods-Oplati-OplatiTests.a in Frameworks */,
			);
			runOnlyForDeploymentPostprocessing = 0;
		};
		13B07F8C1A680F5B00A75B9A /* Frameworks */ = {
			isa = PBXFrameworksBuildPhase;
			buildActionMask = 2147483647;
			files = (
				0C80B921A6F3F58F76C31292 /* libPods-Oplati.a in Frameworks */,
			);
			runOnlyForDeploymentPostprocessing = 0;
		};
/* End PBXFrameworksBuildPhase section */

/* Begin PBXGroup section */
		00E356EF1AD99517003FC87E /* OplatiTests */ = {
			isa = PBXGroup;
			children = (
				00E356F21AD99517003FC87E /* OplatiTests.m */,
				00E356F01AD99517003FC87E /* Supporting Files */,
			);
			path = OplatiTests;
			sourceTree = "<group>";
		};
		00E356F01AD99517003FC87E /* Supporting Files */ = {
			isa = PBXGroup;
			children = (
				00E356F11AD99517003FC87E /* Info.plist */,
			);
			name = "Supporting Files";
			sourceTree = "<group>";
		};
		13B07FAE1A68108700A75B9A /* Oplati */ = {
			isa = PBXGroup;
			children = (
				13B07FAF1A68108700A75B9A /* AppDelegate.h */,
				13B07FB01A68108700A75B9A /* AppDelegate.mm */,
				13B07FB51A68108700A75B9A /* Images.xcassets */,
				13B07FB61A68108700A75B9A /* Info.plist */,
				81AB9BB72411601600AC10FF /* LaunchScreen.storyboard */,
				13B07FB71A68108700A75B9A /* main.m */,
			);
			name = Oplati;
			sourceTree = "<group>";
		};
		2D16E6871FA4F8E400B85C8A /* Frameworks */ = {
			isa = PBXGroup;
			children = (
				ED297162215061F000B7C4FE /* JavaScriptCore.framework */,
				5DCACB8F33CDC322A6C60F78 /* libPods-Oplati.a */,
				19F6CBCC0A4E27FBF8BF4A61 /* libPods-Oplati-OplatiTests.a */,
			);
			name = Frameworks;
			sourceTree = "<group>";
		};
		832341AE1AAA6A7D00B99B32 /* Libraries */ = {
			isa = PBXGroup;
			children = (
			);
			name = Libraries;
			sourceTree = "<group>";
		};
		83CBB9F61A601CBA00E9B192 = {
			isa = PBXGroup;
			children = (
				13B07FAE1A68108700A75B9A /* Oplati */,
				832341AE1AAA6A7D00B99B32 /* Libraries */,
				00E356EF1AD99517003FC87E /* OplatiTests */,
				83CBBA001A601CBA00E9B192 /* Products */,
				2D16E6871FA4F8E400B85C8A /* Frameworks */,
				BBD78D7AC51CEA395F1C20DB /* Pods */,
				CDAFFBE07C094094A15AFACA /* Resources */,
			);
			indentWidth = 2;
			sourceTree = "<group>";
			tabWidth = 2;
			usesTabs = 0;
		};
		83CBBA001A601CBA00E9B192 /* Products */ = {
			isa = PBXGroup;
			children = (
				13B07F961A680F5B00A75B9A /* Oplati.app */,
				00E356EE1AD99517003FC87E /* OplatiTests.xctest */,
			);
			name = Products;
			sourceTree = "<group>";
		};
		BBD78D7AC51CEA395F1C20DB /* Pods */ = {
			isa = PBXGroup;
			children = (
				3B4392A12AC88292D35C810B /* Pods-Oplati.debug.xcconfig */,
				5709B34CF0A7D63546082F79 /* Pods-Oplati.release.xcconfig */,
				5B7EB9410499542E8C5724F5 /* Pods-Oplati-OplatiTests.debug.xcconfig */,
				89C6BE57DB24E9ADA2F236DE /* Pods-Oplati-OplatiTests.release.xcconfig */,
			);
			path = Pods;
			sourceTree = "<group>";
		};
		CDAFFBE07C094094A15AFACA /* Resources */ = {
			isa = "PBXGroup";
			children = (
				F649AFB9835D49ADAD0EE2A0 /* Roboto-Bold.ttf */,
				6E302A4CE99048D29A72D74A /* SF-UI-Text-Bold.ttf */,
				5430A534090A427D9EF0986E /* SF-UI-Text-BoldItalic.ttf */,
				3B7E3779134C40BBBCC3A773 /* SF-UI-Text-Heavy.ttf */,
				D481B3C3CA9B4537AB4F26D4 /* SF-UI-Text-HeavyItalic.ttf */,
				8172306660F443B9BE67BC75 /* SF-UI-Text-Italic.ttf */,
				FAD4C36AD50D4F7C9EEB53EC /* SF-UI-Text-Light.ttf */,
				028152842279435593F7BD5F /* SF-UI-Text-LightItalic.ttf */,
				D760F48FEAEB47989B155ADE /* SF-UI-Text-Medium.ttf */,
				9122E95E32AB4DDA96DD7657 /* SF-UI-Text-MediumItalic.ttf */,
				08ED1032BC7F42B4AB33669E /* SF-UI-Text-Regular.ttf */,
				0CBD4B776F084ADE91086AB6 /* SF-UI-Text-Semibold.ttf */,
				65E8C549FCCE47C6BAD36C6A /* SF-UI-Text-SemiboldItalic.ttf */,
				62DB695593B64A33BCFAC400 /* SFProDisplay-Black.ttf */,
				F46397D99AB74F53A34D016B /* SFProDisplay-BlackItalic.ttf */,
				92195C8DAB3849D7B0921F9E /* SFProDisplay-Bold.ttf */,
				66764F0FF7A14AAA8D89AB3C /* SFProDisplay-BoldItalic.ttf */,
				598866FF42444F5BA508FD18 /* SFProDisplay-Heavy.ttf */,
				BFA3796C9DEE44C2836E1CC4 /* SFProDisplay-HeavyItalic.ttf */,
				4C9116136EA1437A9F13DFA7 /* SFProDisplay-Light.ttf */,
				F28C8172313743679EE4D90E /* SFProDisplay-LightItalic.ttf */,
				5248C08B13C343FB87182C04 /* SFProDisplay-Medium.ttf */,
				0BEE2C518B9D43868FD34407 /* SFProDisplay-MediumItalic.ttf */,
				25DA728331074FAB897E6B38 /* SFProDisplay-Regular.ttf */,
				B9268F01E502436A865A1947 /* SFProDisplay-RegularItalic.ttf */,
				79FC6220358648839BA1A36C /* SFProDisplay-Semibold.ttf */,
				E2C815ECF7D244AD9E253F12 /* SFProDisplay-SemiboldItalic.ttf */,
				0CE69BAA7941495080E516DA /* SFProDisplay-Thin.ttf */,
				A80ADB27D23C4E918A29FE02 /* SFProDisplay-ThinItalic.ttf */,
				1EC2C0A981F445F4BCF356E9 /* SFProDisplay-Ultralight.ttf */,
				87C42DA0FD584292A5DEC9EF /* SFProDisplay-UltralightItalic.ttf */,
			);
			name = Resources;
			sourceTree = "<group>";
			path = "";
		};
/* End PBXGroup section */

/* Begin PBXNativeTarget section */
		00E356ED1AD99517003FC87E /* OplatiTests */ = {
			isa = PBXNativeTarget;
			buildConfigurationList = 00E357021AD99517003FC87E /* Build configuration list for PBXNativeTarget "OplatiTests" */;
			buildPhases = (
				A55EABD7B0C7F3A422A6CC61 /* [CP] Check Pods Manifest.lock */,
				00E356EA1AD99517003FC87E /* Sources */,
				00E356EB1AD99517003FC87E /* Frameworks */,
				00E356EC1AD99517003FC87E /* Resources */,
				C59DA0FBD6956966B86A3779 /* [CP] Embed Pods Frameworks */,
				F6A41C54EA430FDDC6A6ED99 /* [CP] Copy Pods Resources */,
			);
			buildRules = (
			);
			dependencies = (
				00E356F51AD99517003FC87E /* PBXTargetDependency */,
			);
			name = OplatiTests;
			productName = OplatiTests;
			productReference = 00E356EE1AD99517003FC87E /* OplatiTests.xctest */;
			productType = "com.apple.product-type.bundle.unit-test";
		};
		13B07F861A680F5B00A75B9A /* Oplati */ = {
			isa = PBXNativeTarget;
			buildConfigurationList = 13B07F931A680F5B00A75B9A /* Build configuration list for PBXNativeTarget "Oplati" */;
			buildPhases = (
				C38B50BA6285516D6DCD4F65 /* [CP] Check Pods Manifest.lock */,
				FD10A7F022414F080027D42C /* Start Packager */,
				13B07F871A680F5B00A75B9A /* Sources */,
				13B07F8C1A680F5B00A75B9A /* Frameworks */,
				13B07F8E1A680F5B00A75B9A /* Resources */,
				00DD1BFF1BD5951E006B06BC /* Bundle React Native code and images */,
				00EEFC60759A1932668264C0 /* [CP] Embed Pods Frameworks */,
				E235C05ADACE081382539298 /* [CP] Copy Pods Resources */,
			);
			buildRules = (
			);
			dependencies = (
			);
			name = Oplati;
			productName = Oplati;
			productReference = 13B07F961A680F5B00A75B9A /* Oplati.app */;
			productType = "com.apple.product-type.application";
		};
/* End PBXNativeTarget section */

/* Begin PBXProject section */
		83CBB9F71A601CBA00E9B192 /* Project object */ = {
			isa = PBXProject;
			attributes = {
				LastUpgradeCheck = 1210;
				TargetAttributes = {
					00E356ED1AD99517003FC87E = {
						CreatedOnToolsVersion = 6.2;
						TestTargetID = 13B07F861A680F5B00A75B9A;
					};
					13B07F861A680F5B00A75B9A = {
						LastSwiftMigration = 1120;
					};
				};
			};
			buildConfigurationList = 83CBB9FA1A601CBA00E9B192 /* Build configuration list for PBXProject "Oplati" */;
			compatibilityVersion = "Xcode 12.0";
			developmentRegion = en;
			hasScannedForEncodings = 0;
			knownRegions = (
				en,
				Base,
			);
			mainGroup = 83CBB9F61A601CBA00E9B192;
			productRefGroup = 83CBBA001A601CBA00E9B192 /* Products */;
			projectDirPath = "";
			projectRoot = "";
			targets = (
				13B07F861A680F5B00A75B9A /* Oplati */,
				00E356ED1AD99517003FC87E /* OplatiTests */,
			);
		};
/* End PBXProject section */

/* Begin PBXResourcesBuildPhase section */
		00E356EC1AD99517003FC87E /* Resources */ = {
			isa = PBXResourcesBuildPhase;
			buildActionMask = 2147483647;
			files = (
			);
			runOnlyForDeploymentPostprocessing = 0;
		};
		13B07F8E1A680F5B00A75B9A /* Resources */ = {
			isa = PBXResourcesBuildPhase;
			buildActionMask = 2147483647;
			files = (
				81AB9BB82411601600AC10FF /* LaunchScreen.storyboard in Resources */,
				13B07FBF1A68108700A75B9A /* Images.xcassets in Resources */,
				D444B44CF983486295C727F7 /* Roboto-Bold.ttf in Resources */,
				22B55621B4804B71974C5AB1 /* SF-UI-Text-Bold.ttf in Resources */,
				87F64FCAE1A3460A9654C9A6 /* SF-UI-Text-BoldItalic.ttf in Resources */,
				88EFD8B851E44CE4B6A51A70 /* SF-UI-Text-Heavy.ttf in Resources */,
				FBBA1ED5AD704DDFB5377F69 /* SF-UI-Text-HeavyItalic.ttf in Resources */,
				96D4DEEAD64940C7984BAC9D /* SF-UI-Text-Italic.ttf in Resources */,
				40469670405342B492DCF30F /* SF-UI-Text-Light.ttf in Resources */,
				5D7540D3C569493FA9D3B33F /* SF-UI-Text-LightItalic.ttf in Resources */,
				B0335CD92849494CAB459693 /* SF-UI-Text-Medium.ttf in Resources */,
				690F2BF448D44CC899321281 /* SF-UI-Text-MediumItalic.ttf in Resources */,
				05A8C5B2E2B542D8AD0BDB0C /* SF-UI-Text-Regular.ttf in Resources */,
				7EEDA6BFD8F44C86B85B5335 /* SF-UI-Text-Semibold.ttf in Resources */,
				A791B12EB7314A2B8858D6B7 /* SF-UI-Text-SemiboldItalic.ttf in Resources */,
				A8B3285055DB49E3B92B6939 /* SFProDisplay-Black.ttf in Resources */,
				7C2AD9B04F5B4D8DAB8E35BA /* SFProDisplay-BlackItalic.ttf in Resources */,
				8D824262BFBA4F1EB9F5134C /* SFProDisplay-Bold.ttf in Resources */,
				43739F27740D480AB5F7BBEC /* SFProDisplay-BoldItalic.ttf in Resources */,
				1AE03DE0C69A44F8AC28AD9E /* SFProDisplay-Heavy.ttf in Resources */,
				46A275F793CF4A03BA7F7A92 /* SFProDisplay-HeavyItalic.ttf in Resources */,
				D4BB3C5B0DAF402291007A20 /* SFProDisplay-Light.ttf in Resources */,
				951365D4C64A477FBAC0A3D5 /* SFProDisplay-LightItalic.ttf in Resources */,
				CED9D7899BC943F385901ED1 /* SFProDisplay-Medium.ttf in Resources */,
				EC88380D559A439F804453B8 /* SFProDisplay-MediumItalic.ttf in Resources */,
				B359727CBAB743B0940EA0BB /* SFProDisplay-Regular.ttf in Resources */,
				0B6460E93A2F47049A744D29 /* SFProDisplay-RegularItalic.ttf in Resources */,
				0EF9A8BFE6D74893870CACD6 /* SFProDisplay-Semibold.ttf in Resources */,
				63A200152D05410B845902EC /* SFProDisplay-SemiboldItalic.ttf in Resources */,
				0E0A80FB636241CE9E3812F1 /* SFProDisplay-Thin.ttf in Resources */,
				23C0886F2F7F48DA8EB40A49 /* SFProDisplay-ThinItalic.ttf in Resources */,
				4DFB18DA81D04F58B42ACE76 /* SFProDisplay-Ultralight.ttf in Resources */,
				EF8401E3E1694D01847A130E /* SFProDisplay-UltralightItalic.ttf in Resources */,
			);
			runOnlyForDeploymentPostprocessing = 0;
		};
/* End PBXResourcesBuildPhase section */

/* Begin PBXShellScriptBuildPhase section */
		00DD1BFF1BD5951E006B06BC /* Bundle React Native code and images */ = {
			isa = PBXShellScriptBuildPhase;
			buildActionMask = 2147483647;
			files = (
			);
			inputPaths = (
				"$(SRCROOT)/.xcode.env.local",
				"$(SRCROOT)/.xcode.env",
			);
			name = "Bundle React Native code and images";
			outputPaths = (
			);
			runOnlyForDeploymentPostprocessing = 0;
			shellPath = /bin/sh;
			shellScript = "set -e\n\nWITH_ENVIRONMENT=\"../node_modules/react-native/scripts/xcode/with-environment.sh\"\nREACT_NATIVE_XCODE=\"../node_modules/react-native/scripts/react-native-xcode.sh\"\n\n/bin/sh -c \"$WITH_ENVIRONMENT $REACT_NATIVE_XCODE\"\n";
		};
		00EEFC60759A1932668264C0 /* [CP] Embed Pods Frameworks */ = {
			isa = PBXShellScriptBuildPhase;
			buildActionMask = 2147483647;
			files = (
			);
			inputFileListPaths = (
				"${PODS_ROOT}/Target Support Files/Pods-Oplati/Pods-Oplati-frameworks-${CONFIGURATION}-input-files.xcfilelist",
			);
			name = "[CP] Embed Pods Frameworks";
			outputFileListPaths = (
				"${PODS_ROOT}/Target Support Files/Pods-Oplati/Pods-Oplati-frameworks-${CONFIGURATION}-output-files.xcfilelist",
			);
			runOnlyForDeploymentPostprocessing = 0;
			shellPath = /bin/sh;
			shellScript = "\"${PODS_ROOT}/Target Support Files/Pods-Oplati/Pods-Oplati-frameworks.sh\"\n";
			showEnvVarsInLog = 0;
		};
		A55EABD7B0C7F3A422A6CC61 /* [CP] Check Pods Manifest.lock */ = {
			isa = PBXShellScriptBuildPhase;
			buildActionMask = 2147483647;
			files = (
			);
			inputFileListPaths = (
			);
			inputPaths = (
				"${PODS_PODFILE_DIR_PATH}/Podfile.lock",
				"${PODS_ROOT}/Manifest.lock",
			);
			name = "[CP] Check Pods Manifest.lock";
			outputFileListPaths = (
			);
			outputPaths = (
				"$(DERIVED_FILE_DIR)/Pods-Oplati-OplatiTests-checkManifestLockResult.txt",
			);
			runOnlyForDeploymentPostprocessing = 0;
			shellPath = /bin/sh;
			shellScript = "diff \"${PODS_PODFILE_DIR_PATH}/Podfile.lock\" \"${PODS_ROOT}/Manifest.lock\" > /dev/null\nif [ $? != 0 ] ; then\n    # print error to STDERR\n    echo \"error: The sandbox is not in sync with the Podfile.lock. Run 'pod install' or update your CocoaPods installation.\" >&2\n    exit 1\nfi\n# This output is used by Xcode 'outputs' to avoid re-running this script phase.\necho \"SUCCESS\" > \"${SCRIPT_OUTPUT_FILE_0}\"\n";
			showEnvVarsInLog = 0;
		};
		C38B50BA6285516D6DCD4F65 /* [CP] Check Pods Manifest.lock */ = {
			isa = PBXShellScriptBuildPhase;
			buildActionMask = 2147483647;
			files = (
			);
			inputFileListPaths = (
			);
			inputPaths = (
				"${PODS_PODFILE_DIR_PATH}/Podfile.lock",
				"${PODS_ROOT}/Manifest.lock",
			);
			name = "[CP] Check Pods Manifest.lock";
			outputFileListPaths = (
			);
			outputPaths = (
				"$(DERIVED_FILE_DIR)/Pods-Oplati-checkManifestLockResult.txt",
			);
			runOnlyForDeploymentPostprocessing = 0;
			shellPath = /bin/sh;
			shellScript = "diff \"${PODS_PODFILE_DIR_PATH}/Podfile.lock\" \"${PODS_ROOT}/Manifest.lock\" > /dev/null\nif [ $? != 0 ] ; then\n    # print error to STDERR\n    echo \"error: The sandbox is not in sync with the Podfile.lock. Run 'pod install' or update your CocoaPods installation.\" >&2\n    exit 1\nfi\n# This output is used by Xcode 'outputs' to avoid re-running this script phase.\necho \"SUCCESS\" > \"${SCRIPT_OUTPUT_FILE_0}\"\n";
			showEnvVarsInLog = 0;
		};
		C59DA0FBD6956966B86A3779 /* [CP] Embed Pods Frameworks */ = {
			isa = PBXShellScriptBuildPhase;
			buildActionMask = 2147483647;
			files = (
			);
			inputFileListPaths = (
				"${PODS_ROOT}/Target Support Files/Pods-Oplati-OplatiTests/Pods-Oplati-OplatiTests-frameworks-${CONFIGURATION}-input-files.xcfilelist",
			);
			name = "[CP] Embed Pods Frameworks";
			outputFileListPaths = (
				"${PODS_ROOT}/Target Support Files/Pods-Oplati-OplatiTests/Pods-Oplati-OplatiTests-frameworks-${CONFIGURATION}-output-files.xcfilelist",
			);
			runOnlyForDeploymentPostprocessing = 0;
			shellPath = /bin/sh;
			shellScript = "\"${PODS_ROOT}/Target Support Files/Pods-Oplati-OplatiTests/Pods-Oplati-OplatiTests-frameworks.sh\"\n";
			showEnvVarsInLog = 0;
		};
		E235C05ADACE081382539298 /* [CP] Copy Pods Resources */ = {
			isa = PBXShellScriptBuildPhase;
			buildActionMask = 2147483647;
			files = (
			);
			inputFileListPaths = (
				"${PODS_ROOT}/Target Support Files/Pods-Oplati/Pods-Oplati-resources-${CONFIGURATION}-input-files.xcfilelist",
			);
			name = "[CP] Copy Pods Resources";
			outputFileListPaths = (
				"${PODS_ROOT}/Target Support Files/Pods-Oplati/Pods-Oplati-resources-${CONFIGURATION}-output-files.xcfilelist",
			);
			runOnlyForDeploymentPostprocessing = 0;
			shellPath = /bin/sh;
			shellScript = "\"${PODS_ROOT}/Target Support Files/Pods-Oplati/Pods-Oplati-resources.sh\"\n";
			showEnvVarsInLog = 0;
		};
		F6A41C54EA430FDDC6A6ED99 /* [CP] Copy Pods Resources */ = {
			isa = PBXShellScriptBuildPhase;
			buildActionMask = 2147483647;
			files = (
			);
			inputFileListPaths = (
				"${PODS_ROOT}/Target Support Files/Pods-Oplati-OplatiTests/Pods-Oplati-OplatiTests-resources-${CONFIGURATION}-input-files.xcfilelist",
			);
			name = "[CP] Copy Pods Resources";
			outputFileListPaths = (
				"${PODS_ROOT}/Target Support Files/Pods-Oplati-OplatiTests/Pods-Oplati-OplatiTests-resources-${CONFIGURATION}-output-files.xcfilelist",
			);
			runOnlyForDeploymentPostprocessing = 0;
			shellPath = /bin/sh;
			shellScript = "\"${PODS_ROOT}/Target Support Files/Pods-Oplati-OplatiTests/Pods-Oplati-OplatiTests-resources.sh\"\n";
			showEnvVarsInLog = 0;
		};
		FD10A7F022414F080027D42C /* Start Packager */ = {
			isa = PBXShellScriptBuildPhase;
			buildActionMask = 2147483647;
			files = (
			);
			inputFileListPaths = (
			);
			inputPaths = (
			);
			name = "Start Packager";
			outputFileListPaths = (
			);
			outputPaths = (
			);
			runOnlyForDeploymentPostprocessing = 0;
			shellPath = /bin/sh;
			shellScript = "export RCT_METRO_PORT=\"${RCT_METRO_PORT:=8081}\"\necho \"export RCT_METRO_PORT=${RCT_METRO_PORT}\" > \"${SRCROOT}/../node_modules/react-native/scripts/.packager.env\"\nif [ -z \"${RCT_NO_LAUNCH_PACKAGER+xxx}\" ] ; then\n  if nc -w 5 -z localhost ${RCT_METRO_PORT} ; then\n    if ! curl -s \"http://localhost:${RCT_METRO_PORT}/status\" | grep -q \"packager-status:running\" ; then\n      echo \"Port ${RCT_METRO_PORT} already in use, packager is either not running or not running correctly\"\n      exit 2\n    fi\n  else\n    open \"$SRCROOT/../node_modules/react-native/scripts/launchPackager.command\" || echo \"Can't start packager automatically\"\n  fi\nfi\n";
			showEnvVarsInLog = 0;
		};
/* End PBXShellScriptBuildPhase section */

/* Begin PBXSourcesBuildPhase section */
		00E356EA1AD99517003FC87E /* Sources */ = {
			isa = PBXSourcesBuildPhase;
			buildActionMask = 2147483647;
			files = (
				00E356F31AD99517003FC87E /* OplatiTests.m in Sources */,
			);
			runOnlyForDeploymentPostprocessing = 0;
		};
		13B07F871A680F5B00A75B9A /* Sources */ = {
			isa = PBXSourcesBuildPhase;
			buildActionMask = 2147483647;
			files = (
				13B07FBC1A68108700A75B9A /* AppDelegate.mm in Sources */,
				13B07FC11A68108700A75B9A /* main.m in Sources */,
			);
			runOnlyForDeploymentPostprocessing = 0;
		};
/* End PBXSourcesBuildPhase section */

/* Begin PBXTargetDependency section */
		00E356F51AD99517003FC87E /* PBXTargetDependency */ = {
			isa = PBXTargetDependency;
			target = 13B07F861A680F5B00A75B9A /* Oplati */;
			targetProxy = 00E356F41AD99517003FC87E /* PBXContainerItemProxy */;
		};
/* End PBXTargetDependency section */

/* Begin XCBuildConfiguration section */
		00E356F61AD99517003FC87E /* Debug */ = {
			isa = XCBuildConfiguration;
			baseConfigurationReference = 5B7EB9410499542E8C5724F5 /* Pods-Oplati-OplatiTests.debug.xcconfig */;
			buildSettings = {
				BUNDLE_LOADER = "$(TEST_HOST)";
				GCC_PREPROCESSOR_DEFINITIONS = (
					"DEBUG=1",
					"$(inherited)",
				);
				INFOPLIST_FILE = OplatiTests/Info.plist;
				IPHONEOS_DEPLOYMENT_TARGET = 12.4;
				LD_RUNPATH_SEARCH_PATHS = (
					"$(inherited)",
					"@executable_path/Frameworks",
					"@loader_path/Frameworks",
				);
				OTHER_LDFLAGS = (
					"-ObjC",
					"-lc++",
					"$(inherited)",
				);
				PRODUCT_BUNDLE_IDENTIFIER = "org.reactjs.native.example.$(PRODUCT_NAME:rfc1034identifier)";
				PRODUCT_NAME = "$(TARGET_NAME)";
				TEST_HOST = "$(BUILT_PRODUCTS_DIR)/Oplati.app/Oplati";
			};
			name = Debug;
		};
		00E356F71AD99517003FC87E /* Release */ = {
			isa = XCBuildConfiguration;
			baseConfigurationReference = 89C6BE57DB24E9ADA2F236DE /* Pods-Oplati-OplatiTests.release.xcconfig */;
			buildSettings = {
				BUNDLE_LOADER = "$(TEST_HOST)";
				COPY_PHASE_STRIP = NO;
				INFOPLIST_FILE = OplatiTests/Info.plist;
				IPHONEOS_DEPLOYMENT_TARGET = 12.4;
				LD_RUNPATH_SEARCH_PATHS = (
					"$(inherited)",
					"@executable_path/Frameworks",
					"@loader_path/Frameworks",
				);
				OTHER_LDFLAGS = (
					"-ObjC",
					"-lc++",
					"$(inherited)",
				);
				PRODUCT_BUNDLE_IDENTIFIER = "org.reactjs.native.example.$(PRODUCT_NAME:rfc1034identifier)";
				PRODUCT_NAME = "$(TARGET_NAME)";
				TEST_HOST = "$(BUILT_PRODUCTS_DIR)/Oplati.app/Oplati";
			};
			name = Release;
		};
		13B07F941A680F5B00A75B9A /* Debug */ = {
			isa = XCBuildConfiguration;
			baseConfigurationReference = 3B4392A12AC88292D35C810B /* Pods-Oplati.debug.xcconfig */;
			buildSettings = {
				ASSETCATALOG_COMPILER_APPICON_NAME = AppIcon;
				CLANG_ENABLE_MODULES = YES;
				CURRENT_PROJECT_VERSION = 1;
				ENABLE_BITCODE = NO;
				INFOPLIST_FILE = Oplati/Info.plist;
				LD_RUNPATH_SEARCH_PATHS = (
					"$(inherited)",
					"@executable_path/Frameworks",
				);
				MARKETING_VERSION = 1.0;
				OTHER_LDFLAGS = (
					"$(inherited)",
					"-ObjC",
					"-lc++",
				);
				PRODUCT_BUNDLE_IDENTIFIER = "org.reactjs.native.example.$(PRODUCT_NAME:rfc1034identifier)";
				PRODUCT_NAME = Oplati;
				SWIFT_OPTIMIZATION_LEVEL = "-Onone";
				SWIFT_VERSION = 5.0;
				VERSIONING_SYSTEM = "apple-generic";
			};
			name = Debug;
		};
		13B07F951A680F5B00A75B9A /* Release */ = {
			isa = XCBuildConfiguration;
			baseConfigurationReference = 5709B34CF0A7D63546082F79 /* Pods-Oplati.release.xcconfig */;
			buildSettings = {
				ASSETCATALOG_COMPILER_APPICON_NAME = AppIcon;
				CLANG_ENABLE_MODULES = YES;
				CURRENT_PROJECT_VERSION = 1;
				INFOPLIST_FILE = Oplati/Info.plist;
				LD_RUNPATH_SEARCH_PATHS = (
					"$(inherited)",
					"@executable_path/Frameworks",
				);
				MARKETING_VERSION = 1.0;
				OTHER_LDFLAGS = (
					"$(inherited)",
					"-ObjC",
					"-lc++",
				);
				PRODUCT_BUNDLE_IDENTIFIER = "org.reactjs.native.example.$(PRODUCT_NAME:rfc1034identifier)";
				PRODUCT_NAME = Oplati;
				SWIFT_VERSION = 5.0;
				VERSIONING_SYSTEM = "apple-generic";
			};
			name = Release;
		};
		83CBBA201A601CBA00E9B192 /* Debug */ = {
			isa = XCBuildConfiguration;
			buildSettings = {
				ALWAYS_SEARCH_USER_PATHS = NO;
				CLANG_ANALYZER_LOCALIZABILITY_NONLOCALIZED = YES;
				CLANG_CXX_LANGUAGE_STANDARD = "c++17";
				CLANG_CXX_LIBRARY = "libc++";
				CLANG_ENABLE_MODULES = YES;
				CLANG_ENABLE_OBJC_ARC = YES;
				CLANG_WARN_BLOCK_CAPTURE_AUTORELEASING = YES;
				CLANG_WARN_BOOL_CONVERSION = YES;
				CLANG_WARN_COMMA = YES;
				CLANG_WARN_CONSTANT_CONVERSION = YES;
				CLANG_WARN_DEPRECATED_OBJC_IMPLEMENTATIONS = YES;
				CLANG_WARN_DIRECT_OBJC_ISA_USAGE = YES_ERROR;
				CLANG_WARN_EMPTY_BODY = YES;
				CLANG_WARN_ENUM_CONVERSION = YES;
				CLANG_WARN_INFINITE_RECURSION = YES;
				CLANG_WARN_INT_CONVERSION = YES;
				CLANG_WARN_NON_LITERAL_NULL_CONVERSION = YES;
				CLANG_WARN_OBJC_IMPLICIT_RETAIN_SELF = YES;
				CLANG_WARN_OBJC_LITERAL_CONVERSION = YES;
				CLANG_WARN_OBJC_ROOT_CLASS = YES_ERROR;
				CLANG_WARN_QUOTED_INCLUDE_IN_FRAMEWORK_HEADER = YES;
				CLANG_WARN_RANGE_LOOP_ANALYSIS = YES;
				CLANG_WARN_STRICT_PROTOTYPES = YES;
				CLANG_WARN_SUSPICIOUS_MOVE = YES;
				CLANG_WARN_UNREACHABLE_CODE = YES;
				CLANG_WARN__DUPLICATE_METHOD_MATCH = YES;
				"CODE_SIGN_IDENTITY[sdk=iphoneos*]" = "iPhone Developer";
				COPY_PHASE_STRIP = NO;
				ENABLE_STRICT_OBJC_MSGSEND = YES;
				ENABLE_TESTABILITY = YES;
				"EXCLUDED_ARCHS[sdk=iphonesimulator*]" = "";
				GCC_C_LANGUAGE_STANDARD = gnu99;
				GCC_DYNAMIC_NO_PIC = NO;
				GCC_NO_COMMON_BLOCKS = YES;
				GCC_OPTIMIZATION_LEVEL = 0;
				GCC_PREPROCESSOR_DEFINITIONS = (
					"DEBUG=1",
					"$(inherited)",
				);
				GCC_SYMBOLS_PRIVATE_EXTERN = NO;
				GCC_WARN_64_TO_32_BIT_CONVERSION = YES;
				GCC_WARN_ABOUT_RETURN_TYPE = YES_ERROR;
				GCC_WARN_UNDECLARED_SELECTOR = YES;
				GCC_WARN_UNINITIALIZED_AUTOS = YES_AGGRESSIVE;
				GCC_WARN_UNUSED_FUNCTION = YES;
				GCC_WARN_UNUSED_VARIABLE = YES;
				IPHONEOS_DEPLOYMENT_TARGET = 12.4;
				LD_RUNPATH_SEARCH_PATHS = (
					/usr/lib/swift,
					"$(inherited)",
				);
				LIBRARY_SEARCH_PATHS = (
					"\"$(SDKROOT)/usr/lib/swift\"",
					"\"$(TOOLCHAIN_DIR)/usr/lib/swift/$(PLATFORM_NAME)\"",
					"\"$(inherited)\"",
				);
				MTL_ENABLE_DEBUG_INFO = YES;
				ONLY_ACTIVE_ARCH = YES;
				OTHER_CPLUSPLUSFLAGS = (
					"$(OTHER_CFLAGS)",
					"-DFOLLY_NO_CONFIG",
					"-DFOLLY_MOBILE=1",
					"-DFOLLY_USE_LIBCPP=1",
				);
				SDKROOT = iphoneos;
			};
			name = Debug;
		};
		83CBBA211A601CBA00E9B192 /* Release */ = {
			isa = XCBuildConfiguration;
			buildSettings = {
				ALWAYS_SEARCH_USER_PATHS = NO;
				CLANG_ANALYZER_LOCALIZABILITY_NONLOCALIZED = YES;
				CLANG_CXX_LANGUAGE_STANDARD = "c++17";
				CLANG_CXX_LIBRARY = "libc++";
				CLANG_ENABLE_MODULES = YES;
				CLANG_ENABLE_OBJC_ARC = YES;
				CLANG_WARN_BLOCK_CAPTURE_AUTORELEASING = YES;
				CLANG_WARN_BOOL_CONVERSION = YES;
				CLANG_WARN_COMMA = YES;
				CLANG_WARN_CONSTANT_CONVERSION = YES;
				CLANG_WARN_DEPRECATED_OBJC_IMPLEMENTATIONS = YES;
				CLANG_WARN_DIRECT_OBJC_ISA_USAGE = YES_ERROR;
				CLANG_WARN_EMPTY_BODY = YES;
				CLANG_WARN_ENUM_CONVERSION = YES;
				CLANG_WARN_INFINITE_RECURSION = YES;
				CLANG_WARN_INT_CONVERSION = YES;
				CLANG_WARN_NON_LITERAL_NULL_CONVERSION = YES;
				CLANG_WARN_OBJC_IMPLICIT_RETAIN_SELF = YES;
				CLANG_WARN_OBJC_LITERAL_CONVERSION = YES;
				CLANG_WARN_OBJC_ROOT_CLASS = YES_ERROR;
				CLANG_WARN_QUOTED_INCLUDE_IN_FRAMEWORK_HEADER = YES;
				CLANG_WARN_RANGE_LOOP_ANALYSIS = YES;
				CLANG_WARN_STRICT_PROTOTYPES = YES;
				CLANG_WARN_SUSPICIOUS_MOVE = YES;
				CLANG_WARN_UNREACHABLE_CODE = YES;
				CLANG_WARN__DUPLICATE_METHOD_MATCH = YES;
				"CODE_SIGN_IDENTITY[sdk=iphoneos*]" = "iPhone Developer";
				COPY_PHASE_STRIP = YES;
				ENABLE_NS_ASSERTIONS = NO;
				ENABLE_STRICT_OBJC_MSGSEND = YES;
				"EXCLUDED_ARCHS[sdk=iphonesimulator*]" = "";
				GCC_C_LANGUAGE_STANDARD = gnu99;
				GCC_NO_COMMON_BLOCKS = YES;
				GCC_WARN_64_TO_32_BIT_CONVERSION = YES;
				GCC_WARN_ABOUT_RETURN_TYPE = YES_ERROR;
				GCC_WARN_UNDECLARED_SELECTOR = YES;
				GCC_WARN_UNINITIALIZED_AUTOS = YES_AGGRESSIVE;
				GCC_WARN_UNUSED_FUNCTION = YES;
				GCC_WARN_UNUSED_VARIABLE = YES;
				IPHONEOS_DEPLOYMENT_TARGET = 12.4;
				LD_RUNPATH_SEARCH_PATHS = (
					/usr/lib/swift,
					"$(inherited)",
				);
				LIBRARY_SEARCH_PATHS = (
					"\"$(SDKROOT)/usr/lib/swift\"",
					"\"$(TOOLCHAIN_DIR)/usr/lib/swift/$(PLATFORM_NAME)\"",
					"\"$(inherited)\"",
				);
				MTL_ENABLE_DEBUG_INFO = NO;
				OTHER_CPLUSPLUSFLAGS = (
					"$(OTHER_CFLAGS)",
					"-DFOLLY_NO_CONFIG",
					"-DFOLLY_MOBILE=1",
					"-DFOLLY_USE_LIBCPP=1",
				);
				SDKROOT = iphoneos;
				VALIDATE_PRODUCT = YES;
			};
			name = Release;
		};
/* End XCBuildConfiguration section */

/* Begin XCConfigurationList section */
		00E357021AD99517003FC87E /* Build configuration list for PBXNativeTarget "OplatiTests" */ = {
			isa = XCConfigurationList;
			buildConfigurations = (
				00E356F61AD99517003FC87E /* Debug */,
				00E356F71AD99517003FC87E /* Release */,
			);
			defaultConfigurationIsVisible = 0;
			defaultConfigurationName = Release;
		};
		13B07F931A680F5B00A75B9A /* Build configuration list for PBXNativeTarget "Oplati" */ = {
			isa = XCConfigurationList;
			buildConfigurations = (
				13B07F941A680F5B00A75B9A /* Debug */,
				13B07F951A680F5B00A75B9A /* Release */,
			);
			defaultConfigurationIsVisible = 0;
			defaultConfigurationName = Release;
		};
		83CBB9FA1A601CBA00E9B192 /* Build configuration list for PBXProject "Oplati" */ = {
			isa = XCConfigurationList;
			buildConfigurations = (
				83CBBA201A601CBA00E9B192 /* Debug */,
				83CBBA211A601CBA00E9B192 /* Release */,
			);
			defaultConfigurationIsVisible = 0;
			defaultConfigurationName = Release;
		};
/* End XCConfigurationList section */
	};
	rootObject = 83CBB9F71A601CBA00E9B192 /* Project object */;
}
